
Microsoft Visual Studio Solution File, Format Version 12.00
# Visual Studio 15
VisualStudioVersion = 15.0.26430.13
MinimumVisualStudioVersion = 10.0.40219.1
Project("{FAE04EC0-301F-11D3-BF4B-00C04F79EFBC}") = "Task1", "Chap8\Task1.csproj", "{C0B84516-3F76-4557-85F2-C2FD3F36B2B2}"
EndProject
Project("{FAE04EC0-301F-11D3-BF4B-00C04F79EFBC}") = "Task2", "ConsoleApp1\Task2.csproj", "{9DFD98AC-10FB-44FC-8C16-85E063E2EE90}"
EndProject
Project("{FAE04EC0-301F-11D3-BF4B-00C04F79EFBC}") = "Task3", "Task3\Task3.csproj", "{4A0AE07E-B853-4D97-98F7-ACB0725C21CB}"
EndProject
Project("{FAE04EC0-301F-11D3-BF4B-00C04F79EFBC}") = "Task4", "Task4\Task4.csproj", "{EC6832F4-7E14-4A45-96A3-C15286381139}"
EndProject
Project("{FAE04EC0-301F-11D3-BF4B-00C04F79EFBC}") = "Task5", "Task5\Task5.csproj", "{A17B8C95-E536-4A80-ABBA-57959DE45374}"
EndProject
Project("{FAE04EC0-301F-11D3-BF4B-00C04F79EFBC}") = "Task7", "Task6\Task7.csproj", "{514343BE-F54F-4431-B564-F5ECC58EA892}"
EndProject
Project("{FAE04EC0-301F-11D3-BF4B-00C04F79EFBC}") = "Task6", "Task7\Task6.csproj", "{DA426823-F2D0-433B-9FAF-06BC561B613E}"
EndProject
Project("{FAE04EC0-301F-11D3-BF4B-00C04F79EFBC}") = "Task8", "Task8\Task8.csproj", "{1A958806-CA48-497E-8122-1248285FCEFC}"
EndProject
Project("{FAE04EC0-301F-11D3-BF4B-00C04F79EFBC}") = "Task9", "Task9\Task9.csproj", "{A4C255FE-AA06-4699-9AC7-6766A379D1C2}"
EndProject
Project("{FAE04EC0-301F-11D3-BF4B-00C04F79EFBC}") = "Task10", "Task10\Task10.csproj", "{0AA8A0CE-009F-4287-A110-649AE0CE8452}"
EndProject
Project("{FAE04EC0-301F-11D3-BF4B-00C04F79EFBC}") = "Task11", "Task11\Task11.csproj", "{F637C0DD-FA8A-450B-9FC5-FA5A1FEC8623}"
EndProject
Project("{FAE04EC0-301F-11D3-BF4B-00C04F79EFBC}") = "Task12", "Task12\Task12.csproj", "{A177A94A-F81D-4677-86AC-9708E98DCEF6}"
EndProject
Project("{FAE04EC0-301F-11D3-BF4B-00C04F79EFBC}") = "Task13", "Task13\Task13.csproj", "{FBF032F9-6073-4E3D-88F4-8AE46256DF2C}"
EndProject
Project("{FAE04EC0-301F-11D3-BF4B-00C04F79EFBC}") = "Task14", "Task14\Task14.csproj", "{94B31D75-1DC8-4715-8C71-772EBCDDEE73}"
EndProject
Project("{FAE04EC0-301F-11D3-BF4B-00C04F79EFBC}") = "Task15", "Task15\Task15.csproj", "{228AED4E-6A1D-48C8-8428-77126DC871E3}"
EndProject
Global
	GlobalSection(SolutionConfigurationPlatforms) = preSolution
		Debug|Any CPU = Debug|Any CPU
		Release|Any CPU = Release|Any CPU
	EndGlobalSection
	GlobalSection(ProjectConfigurationPlatforms) = postSolution
		{C0B84516-3F76-4557-85F2-C2FD3F36B2B2}.Debug|Any CPU.ActiveCfg = Debug|Any CPU
		{C0B84516-3F76-4557-85F2-C2FD3F36B2B2}.Debug|Any CPU.Build.0 = Debug|Any CPU
		{C0B84516-3F76-4557-85F2-C2FD3F36B2B2}.Release|Any CPU.ActiveCfg = Release|Any CPU
		{C0B84516-3F76-4557-85F2-C2FD3F36B2B2}.Release|Any CPU.Build.0 = Release|Any CPU
		{9DFD98AC-10FB-44FC-8C16-85E063E2EE90}.Debug|Any CPU.ActiveCfg = Debug|Any CPU
		{9DFD98AC-10FB-44FC-8C16-85E063E2EE90}.Debug|Any CPU.Build.0 = Debug|Any CPU
		{9DFD98AC-10FB-44FC-8C16-85E063E2EE90}.Release|Any CPU.ActiveCfg = Release|Any CPU
		{9DFD98AC-10FB-44FC-8C16-85E063E2EE90}.Release|Any CPU.Build.0 = Release|Any CPU
		{4A0AE07E-B853-4D97-98F7-ACB0725C21CB}.Debug|Any CPU.ActiveCfg = Debug|Any CPU
		{4A0AE07E-B853-4D97-98F7-ACB0725C21CB}.Debug|Any CPU.Build.0 = Debug|Any CPU
		{4A0AE07E-B853-4D97-98F7-ACB0725C21CB}.Release|Any CPU.ActiveCfg = Release|Any CPU
		{4A0AE07E-B853-4D97-98F7-ACB0725C21CB}.Release|Any CPU.Build.0 = Release|Any CPU
		{EC6832F4-7E14-4A45-96A3-C15286381139}.Debug|Any CPU.ActiveCfg = Debug|Any CPU
		{EC6832F4-7E14-4A45-96A3-C15286381139}.Debug|Any CPU.Build.0 = Debug|Any CPU
		{EC6832F4-7E14-4A45-96A3-C15286381139}.Release|Any CPU.ActiveCfg = Release|Any CPU
		{EC6832F4-7E14-4A45-96A3-C15286381139}.Release|Any CPU.Build.0 = Release|Any CPU
		{A17B8C95-E536-4A80-ABBA-57959DE45374}.Debug|Any CPU.ActiveCfg = Debug|Any CPU
		{A17B8C95-E536-4A80-ABBA-57959DE45374}.Debug|Any CPU.Build.0 = Debug|Any CPU
		{A17B8C95-E536-4A80-ABBA-57959DE45374}.Release|Any CPU.ActiveCfg = Release|Any CPU
		{A17B8C95-E536-4A80-ABBA-57959DE45374}.Release|Any CPU.Build.0 = Release|Any CPU
		{514343BE-F54F-4431-B564-F5ECC58EA892}.Debug|Any CPU.ActiveCfg = Debug|Any CPU
		{514343BE-F54F-4431-B564-F5ECC58EA892}.Debug|Any CPU.Build.0 = Debug|Any CPU
		{514343BE-F54F-4431-B564-F5ECC58EA892}.Release|Any CPU.ActiveCfg = Release|Any CPU
		{514343BE-F54F-4431-B564-F5ECC58EA892}.Release|Any CPU.Build.0 = Release|Any CPU
		{DA426823-F2D0-433B-9FAF-06BC561B613E}.Debug|Any CPU.ActiveCfg = Debug|Any CPU
		{DA426823-F2D0-433B-9FAF-06BC561B613E}.Debug|Any CPU.Build.0 = Debug|Any CPU
		{DA426823-F2D0-433B-9FAF-06BC561B613E}.Release|Any CPU.ActiveCfg = Release|Any CPU
		{DA426823-F2D0-433B-9FAF-06BC561B613E}.Release|Any CPU.Build.0 = Release|Any CPU
		{1A958806-CA48-497E-8122-1248285FCEFC}.Debug|Any CPU.ActiveCfg = Debug|Any CPU
		{1A958806-CA48-497E-8122-1248285FCEFC}.Debug|Any CPU.Build.0 = Debug|Any CPU
		{1A958806-CA48-497E-8122-1248285FCEFC}.Release|Any CPU.ActiveCfg = Release|Any CPU
		{1A958806-CA48-497E-8122-1248285FCEFC}.Release|Any CPU.Build.0 = Release|Any CPU
		{A4C255FE-AA06-4699-9AC7-6766A379D1C2}.Debug|Any CPU.ActiveCfg = Debug|Any CPU
		{A4C255FE-AA06-4699-9AC7-6766A379D1C2}.Debug|Any CPU.Build.0 = Debug|Any CPU
		{A4C255FE-AA06-4699-9AC7-6766A379D1C2}.Release|Any CPU.ActiveCfg = Release|Any CPU
		{A4C255FE-AA06-4699-9AC7-6766A379D1C2}.Release|Any CPU.Build.0 = Release|Any CPU
		{0AA8A0CE-009F-4287-A110-649AE0CE8452}.Debug|Any CPU.ActiveCfg = Debug|Any CPU
		{0AA8A0CE-009F-4287-A110-649AE0CE8452}.Debug|Any CPU.Build.0 = Debug|Any CPU
		{0AA8A0CE-009F-4287-A110-649AE0CE8452}.Release|Any CPU.ActiveCfg = Release|Any CPU
		{0AA8A0CE-009F-4287-A110-649AE0CE8452}.Release|Any CPU.Build.0 = Release|Any CPU
		{F637C0DD-FA8A-450B-9FC5-FA5A1FEC8623}.Debug|Any CPU.ActiveCfg = Debug|Any CPU
		{F637C0DD-FA8A-450B-9FC5-FA5A1FEC8623}.Debug|Any CPU.Build.0 = Debug|Any CPU
		{F637C0DD-FA8A-450B-9FC5-FA5A1FEC8623}.Release|Any CPU.ActiveCfg = Release|Any CPU
		{F637C0DD-FA8A-450B-9FC5-FA5A1FEC8623}.Release|Any CPU.Build.0 = Release|Any CPU
		{A177A94A-F81D-4677-86AC-9708E98DCEF6}.Debug|Any CPU.ActiveCfg = Debug|Any CPU
		{A177A94A-F81D-4677-86AC-9708E98DCEF6}.Debug|Any CPU.Build.0 = Debug|Any CPU
		{A177A94A-F81D-4677-86AC-9708E98DCEF6}.Release|Any CPU.ActiveCfg = Release|Any CPU
		{A177A94A-F81D-4677-86AC-9708E98DCEF6}.Release|Any CPU.Build.0 = Release|Any CPU
		{FBF032F9-6073-4E3D-88F4-8AE46256DF2C}.Debug|Any CPU.ActiveCfg = Debug|Any CPU
		{FBF032F9-6073-4E3D-88F4-8AE46256DF2C}.Debug|Any CPU.Build.0 = Debug|Any CPU
		{FBF032F9-6073-4E3D-88F4-8AE46256DF2C}.Release|Any CPU.ActiveCfg = Release|Any CPU
		{FBF032F9-6073-4E3D-88F4-8AE46256DF2C}.Release|Any CPU.Build.0 = Release|Any CPU
		{94B31D75-1DC8-4715-8C71-772EBCDDEE73}.Debug|Any CPU.ActiveCfg = Debug|Any CPU
		{94B31D75-1DC8-4715-8C71-772EBCDDEE73}.Debug|Any CPU.Build.0 = Debug|Any CPU
		{94B31D75-1DC8-4715-8C71-772EBCDDEE73}.Release|Any CPU.ActiveCfg = Release|Any CPU
		{94B31D75-1DC8-4715-8C71-772EBCDDEE73}.Release|Any CPU.Build.0 = Release|Any CPU
		{228AED4E-6A1D-48C8-8428-77126DC871E3}.Debug|Any CPU.ActiveCfg = Debug|Any CPU
		{228AED4E-6A1D-48C8-8428-77126DC871E3}.Debug|Any CPU.Build.0 = Debug|Any CPU
		{228AED4E-6A1D-48C8-8428-77126DC871E3}.Release|Any CPU.ActiveCfg = Release|Any CPU
		{228AED4E-6A1D-48C8-8428-77126DC871E3}.Release|Any CPU.Build.0 = Release|Any CPU
	EndGlobalSection
	GlobalSection(SolutionProperties) = preSolution
		HideSolutionNode = FALSE
	EndGlobalSection
EndGlobal
